
Microsoft Visual Studio Solution File, Format Version 12.00
# Visual Studio Version 16
VisualStudioVersion = 16.0.31112.23
MinimumVisualStudioVersion = 10.0.40219.1
Project("{8BC9CEB8-8B4A-11D0-8D11-00A0C91BC942}") = "Lab_3", "Lab_3.vcxproj", "{4093C150-97A4-4348-AF2B-50A5ED3C2E9A}"
EndProject
Global
	GlobalSection(SolutionConfigurationPlatforms) = preSolution
		Debug|x64 = Debug|x64
		Debug|x86 = Debug|x86
		Release|x64 = Release|x64
		Release|x86 = Release|x86
	EndGlobalSection
	GlobalSection(ProjectConfigurationPlatforms) = postSolution
		{4093C150-97A4-4348-AF2B-50A5ED3C2E9A}.Debug|x64.ActiveCfg = Debug|x64
		{4093C150-97A4-4348-AF2B-50A5ED3C2E9A}.Debug|x64.Build.0 = Debug|x64
		{4093C150-97A4-4348-AF2B-50A5ED3C2E9A}.Debug|x86.ActiveCfg = Debug|Win32
		{4093C150-97A4-4348-AF2B-50A5ED3C2E9A}.Debug|x86.Build.0 = Debug|Win32
		{4093C150-97A4-4348-AF2B-50A5ED3C2E9A}.Release|x64.ActiveCfg = Release|x64
		{4093C150-97A4-4348-AF2B-50A5ED3C2E9A}.Release|x64.Build.0 = Release|x64
		{4093C150-97A4-4348-AF2B-50A5ED3C2E9A}.Release|x86.ActiveCfg = Release|Win32
		{4093C150-97A4-4348-AF2B-50A5ED3C2E9A}.Release|x86.Build.0 = Release|Win32
	EndGlobalSection
	GlobalSection(SolutionProperties) = preSolution
		HideSolutionNode = FALSE
	EndGlobalSection
	GlobalSection(ExtensibilityGlobals) = postSolution
		SolutionGuid = {B211F30D-4E02-4407-A7AA-703F23C8EC64}
	EndGlobalSection
EndGlobal
